// !$*UTF8*$!
{
	archiveVersion = 1;
	classes = {
	};
	objectVersion = 77;
	objects = {

/* Begin PBXFileSystemSynchronizedRootGroup section */
		A1000010 /* App */ = {
			isa = PBXFileSystemSynchronizedRootGroup;
			path = App;
			sourceTree = "<group>";
		};
/* End PBXFileSystemSynchronizedRootGroup section */

/* Begin PBXFileReference section */
		A10000A1 /* Shared.xcconfig */ = {isa = PBXFileReference; lastKnownFileType = text.xcconfig; path = Shared.xcconfig; sourceTree = "<group>"; };
		A10000A2 /* App.xcconfig */ = {isa = PBXFileReference; lastKnownFileType = text.xcconfig; path = App.xcconfig; sourceTree = "<group>"; };
		A10000A3 /* ShieldStat.entitlements */ = {isa = PBXFileReference; lastKnownFileType = text.plist.entitlements; path = ShieldStat.entitlements; sourceTree = "<group>"; };
		A1000020 /* ShieldStat.app */ = {isa = PBXFileReference; explicitFileType = wrapper.application; includeInIndex = 0; path = ShieldStat.app; sourceTree = BUILT_PRODUCTS_DIR; };
/* End PBXFileReference section */

/* Begin PBXFrameworksBuildPhase section */
		A1000030 /* Frameworks */ = {
			isa = PBXFrameworksBuildPhase;
			buildActionMask = 2147483647;
			files = (
				A1000091 /* ShieldStatCore in Frameworks */,
			);
			runOnlyForDeploymentPostprocessing = 0;
		};
/* End PBXFrameworksBuildPhase section */

/* Begin PBXGroup section */
		A1000000 = {
			isa = PBXGroup;
			children = (
				A1000010 /* App */,
				A10000A0 /* Config */,
				A1000001 /* Products */,
			);
			sourceTree = "<group>";
		};
		A10000A0 /* Config */ = {
			isa = PBXGroup;
			children = (
				A10000A1 /* Shared.xcconfig */,
				A10000A2 /* App.xcconfig */,
				A10000A3 /* ShieldStat.entitlements */,
			);
			path = Config;
			sourceTree = "<group>";
		};
		A1000001 /* Products */ = {
			isa = PBXGroup;
			children = (
				A1000020 /* ShieldStat.app */,
			);
			name = Products;
			sourceTree = "<group>";
		};
/* End PBXGroup section */

/* Begin PBXNativeTarget section */
		A1000040 /* ShieldStat */ = {
			isa = PBXNativeTarget;
			buildConfigurationList = A1000070 /* Build configuration list for PBXNativeTarget "ShieldStat" */;
			buildPhases = (
				A1000050 /* Sources */,
				A1000030 /* Frameworks */,
				A1000060 /* Resources */,
			);
			buildRules = (
			);
			dependencies = (
			);
			fileSystemSynchronizedGroups = (
				A1000010 /* App */,
			);
			name = ShieldStat;
			packageProductDependencies = (
				A1000090 /* ShieldStatCore */,
			);
			productName = ShieldStat;
			productReference = A1000020 /* ShieldStat.app */;
			productType = "com.apple.product-type.application";
		};
/* End PBXNativeTarget section */

/* Begin PBXProject section */
		A1000002 /* Project object */ = {
			isa = PBXProject;
			attributes = {
				BuildIndependentTargetsInParallel = 1;
				LastSwiftUpdateCheck = 2600;
				LastUpgradeCheck = 2600;
				TargetAttributes = {
					A1000040 = {
						CreatedOnToolsVersion = 26.0;
					};
				};
			};
			buildConfigurationList = A1000003 /* Build configuration list for PBXProject "ShieldStat" */;
			developmentRegion = en;
			hasScannedForEncodings = 0;
			knownRegions = (
				en,
				Base,
			);
			mainGroup = A1000000;
			minimizedProjectReferenceProxies = 1;
			packageReferences = (
				A1000080 /* XCLocalSwiftPackageReference "Core" */,
			);
			preferredProjectObjectVersion = 77;
			productRefGroup = A1000001 /* Products */;
			projectDirPath = "";
			projectRoot = "";
			targets = (
				A1000040 /* ShieldStat */,
			);
		};
/* End PBXProject section */

/* Begin PBXResourcesBuildPhase section */
		A1000060 /* Resources */ = {
			isa = PBXResourcesBuildPhase;
			buildActionMask = 2147483647;
			files = (
			);
			runOnlyForDeploymentPostprocessing = 0;
		};
/* End PBXResourcesBuildPhase section */

/* Begin PBXSourcesBuildPhase section */
		A1000050 /* Sources */ = {
			isa = PBXSourcesBuildPhase;
			buildActionMask = 2147483647;
			files = (
			);
			runOnlyForDeploymentPostprocessing = 0;
		};
/* End PBXSourcesBuildPhase section */

/* Begin XCBuildConfiguration section */
		A1000004 /* Debug */ = {
			isa = XCBuildConfiguration;
			baseConfigurationReference = A10000A1 /* Shared.xcconfig */;
			buildSettings = {
				COPY_PHASE_STRIP = NO;
				DEBUG_INFORMATION_FORMAT = dwarf;
				ENABLE_TESTABILITY = YES;
				GCC_OPTIMIZATION_LEVEL = 0;
				ONLY_ACTIVE_ARCH = YES;
				SWIFT_ACTIVE_COMPILATION_CONDITIONS = DEBUG;
				SWIFT_OPTIMIZATION_LEVEL = "-Onone";
			};
			name = Debug;
		};
		A1000005 /* Release */ = {
			isa = XCBuildConfiguration;
			baseConfigurationReference = A10000A1 /* Shared.xcconfig */;
			buildSettings = {
				COPY_PHASE_STRIP = NO;
				DEBUG_INFORMATION_FORMAT = "dwarf-with-dsym";
				ENABLE_NS_ASSERTIONS = NO;
				SWIFT_COMPILATION_MODE = wholemodule;
			};
			name = Release;
		};
		A1000071 /* Debug */ = {
			isa = XCBuildConfiguration;
			baseConfigurationReference = A10000A2 /* App.xcconfig */;
			buildSettings = {
				INFOPLIST_KEY_NSHumanReadableCopyright = "";
				SWIFT_EMIT_LOC_STRINGS = YES;
			};
			name = Debug;
		};
		A1000072 /* Release */ = {
			isa = XCBuildConfiguration;
			baseConfigurationReference = A10000A2 /* App.xcconfig */;
			buildSettings = {
				INFOPLIST_KEY_NSHumanReadableCopyright = "";
				SWIFT_EMIT_LOC_STRINGS = YES;
			};
			name = Release;
		};
/* End XCBuildConfiguration section */

/* Begin XCConfigurationList section */
		A1000003 /* Build configuration list for PBXProject "ShieldStat" */ = {
			isa = XCConfigurationList;
			buildConfigurations = (
				A1000004 /* Debug */,
				A1000005 /* Release */,
			);
			defaultConfigurationIsVisible = 0;
			defaultConfigurationName = Release;
		};
		A1000070 /* Build configuration list for PBXNativeTarget "ShieldStat" */ = {
			isa = XCConfigurationList;
			buildConfigurations = (
				A1000071 /* Debug */,
				A1000072 /* Release */,
			);
			defaultConfigurationIsVisible = 0;
			defaultConfigurationName = Release;
		};
/* End XCConfigurationList section */

/* Begin XCLocalSwiftPackageReference section */
		A1000080 /* XCLocalSwiftPackageReference "Core" */ = {
			isa = XCLocalSwiftPackageReference;
			relativePath = Core;
		};
/* End XCLocalSwiftPackageReference section */

/* Begin XCSwiftPackageProductDependency section */
		A1000090 /* ShieldStatCore */ = {
			isa = XCSwiftPackageProductDependency;
			productName = ShieldStatCore;
		};
/* End XCSwiftPackageProductDependency section */
	};
	rootObject = A1000002 /* Project object */;
}
